
Microsoft Visual Studio Solution File, Format Version 12.00
# Visual Studio Version 16
VisualStudioVersion = 16.0.30621.155
MinimumVisualStudioVersion = 10.0.40219.1
Project("{9A19103F-16F7-4668-BE54-9A1E7A4F7556}") = "videotrak", "videotrak.csproj", "{96730982-3163-458E-AFC3-944F035401E7}"
EndProject
Global
	GlobalSection(SolutionConfigurationPlatforms) = preSolution
		Debug|.NET = Debug|.NET
		Debug|Any CPU = Debug|Any CPU
		Debug|Mixed Platforms = Debug|Mixed Platforms
		Release|.NET = Release|.NET
		Release|Any CPU = Release|Any CPU
		Release|Mixed Platforms = Release|Mixed Platforms
	EndGlobalSection
	GlobalSection(ProjectConfigurationPlatforms) = postSolution
		{96730982-3163-458E-AFC3-944F035401E7}.Debug|.NET.ActiveCfg = Debug|Any CPU
		{96730982-3163-458E-AFC3-944F035401E7}.Debug|.NET.Build.0 = Debug|Any CPU
		{96730982-3163-458E-AFC3-944F035401E7}.Debug|Any CPU.ActiveCfg = Debug|Any CPU
		{96730982-3163-458E-AFC3-944F035401E7}.Debug|Any CPU.Build.0 = Debug|Any CPU
		{96730982-3163-458E-AFC3-944F035401E7}.Debug|Mixed Platforms.ActiveCfg = Debug|Any CPU
		{96730982-3163-458E-AFC3-944F035401E7}.Debug|Mixed Platforms.Build.0 = Debug|Any CPU
		{96730982-3163-458E-AFC3-944F035401E7}.Release|.NET.ActiveCfg = Release|Any CPU
		{96730982-3163-458E-AFC3-944F035401E7}.Release|.NET.Build.0 = Release|Any CPU
		{96730982-3163-458E-AFC3-944F035401E7}.Release|Any CPU.ActiveCfg = Release|Any CPU
		{96730982-3163-458E-AFC3-944F035401E7}.Release|Any CPU.Build.0 = Release|Any CPU
		{96730982-3163-458E-AFC3-944F035401E7}.Release|Mixed Platforms.ActiveCfg = Release|Any CPU
		{96730982-3163-458E-AFC3-944F035401E7}.Release|Mixed Platforms.Build.0 = Release|Any CPU
	EndGlobalSection
	GlobalSection(SolutionProperties) = preSolution
		HideSolutionNode = FALSE
	EndGlobalSection
	GlobalSection(ExtensibilityGlobals) = postSolution
		SolutionGuid = {82CE0B6C-6995-4E89-A2B1-D50D2C49D28E}
	EndGlobalSection
EndGlobal
